// !$*UTF8*$!
{
	archiveVersion = 1;
	classes = {
	};
	objectVersion = 70;
	objects = {

/* Begin PBXBuildFile section */
		237342E72F21D1B7007CD14A /* WeeklyRecap.swift in Sources */ = {isa = PBXBuildFile; fileRef = 237342E42F21D1B7007CD14A /* WeeklyRecap.swift */; };
		237342E82F21D1B7007CD14A /* MilestoneCard.swift in Sources */ = {isa = PBXBuildFile; fileRef = 237342E12F21D1B7007CD14A /* MilestoneCard.swift */; };
		237342E92F21D1B7007CD14A /* ActivityItem.swift in Sources */ = {isa = PBXBuildFile; fileRef = 237342E02F21D1B7007CD14A /* ActivityItem.swift */; };
		23CA13DC2F186169000C7B43 /* Badge.swift in Sources */ = {isa = PBXBuildFile; fileRef = 23CA13DA2F186169000C7B43 /* Badge.swift */; };
		23CA13DD2F186169000C7B43 /* BadgeStore.swift in Sources */ = {isa = PBXBuildFile; fileRef = 23CA13DB2F186169000C7B43 /* BadgeStore.swift */; };
		23CA13E02F18617D000C7B43 /* BadgesView.swift in Sources */ = {isa = PBXBuildFile; fileRef = 23CA13DE2F18617D000C7B43 /* BadgesView.swift */; };
		23CA13E12F18617D000C7B43 /* BadgeView.swift in Sources */ = {isa = PBXBuildFile; fileRef = 23CA13DF2F18617D000C7B43 /* BadgeView.swift */; };
		23CA13F12F1895AD000C7B43 /* EditEntrySheet.swift in Sources */ = {isa = PBXBuildFile; fileRef = 23CA13F02F1895AD000C7B43 /* EditEntrySheet.swift */; };
		23CA13F92F189F69000C7B43 /* WidgetKit.framework in Frameworks */ = {isa = PBXBuildFile; fileRef = 23CA13F82F189F69000C7B43 /* WidgetKit.framework */; };
		23CA13FB2F189F69000C7B43 /* SwiftUI.framework in Frameworks */ = {isa = PBXBuildFile; fileRef = 23CA13FA2F189F69000C7B43 /* SwiftUI.framework */; };
		23CA14082F189F6B000C7B43 /* DietCokeWidgetExtension.appex in Embed Foundation Extensions */ = {isa = PBXBuildFile; fileRef = 23CA13F62F189F69000C7B43 /* DietCokeWidgetExtension.appex */; settings = {ATTRIBUTES = (RemoveHeadersOnCopy, ); }; };
		23CA14102F18A32C000C7B43 /* DrinkType.swift in Sources */ = {isa = PBXBuildFile; fileRef = A2000005 /* DrinkType.swift */; };
		23CA14112F18A336000C7B43 /* DrinkEntry.swift in Sources */ = {isa = PBXBuildFile; fileRef = A2000006 /* DrinkEntry.swift */; };
		23CA14172F18A539000C7B43 /* Badge.swift in Sources */ = {isa = PBXBuildFile; fileRef = 23CA13DA2F186169000C7B43 /* Badge.swift */; };
		23CA142A2F18A88B000C7B43 /* DietCokeWatch Watch App.app in Embed Watch Content */ = {isa = PBXBuildFile; fileRef = 23CA14202F18A889000C7B43 /* DietCokeWatch Watch App.app */; settings = {ATTRIBUTES = (RemoveHeadersOnCopy, ); }; };
		23CA14322F18A921000C7B43 /* Badge.swift in Sources */ = {isa = PBXBuildFile; fileRef = 23CA13DA2F186169000C7B43 /* Badge.swift */; };
		23CA14332F18A92B000C7B43 /* DrinkEntry.swift in Sources */ = {isa = PBXBuildFile; fileRef = A2000006 /* DrinkEntry.swift */; };
		23CA14342F18A932000C7B43 /* DrinkType.swift in Sources */ = {isa = PBXBuildFile; fileRef = A2000005 /* DrinkType.swift */; };
		23CA143E2F18ACE1000C7B43 /* WidgetKit.framework in Frameworks */ = {isa = PBXBuildFile; fileRef = 23CA13F82F189F69000C7B43 /* WidgetKit.framework */; };
		23CA143F2F18ACE1000C7B43 /* SwiftUI.framework in Frameworks */ = {isa = PBXBuildFile; fileRef = 23CA13FA2F189F69000C7B43 /* SwiftUI.framework */; };
		23CA144C2F18ACE2000C7B43 /* DietCokeWatchWidgetExtension.appex in Embed Foundation Extensions */ = {isa = PBXBuildFile; fileRef = 23CA143D2F18ACE1000C7B43 /* DietCokeWatchWidgetExtension.appex */; settings = {ATTRIBUTES = (RemoveHeadersOnCopy, ); }; };
		23CA14552F18AD09000C7B43 /* Badge.swift in Sources */ = {isa = PBXBuildFile; fileRef = 23CA13DA2F186169000C7B43 /* Badge.swift */; };
		23CA14562F18AD0D000C7B43 /* DrinkEntry.swift in Sources */ = {isa = PBXBuildFile; fileRef = A2000006 /* DrinkEntry.swift */; };
		23CA14572F18AD17000C7B43 /* DrinkType.swift in Sources */ = {isa = PBXBuildFile; fileRef = A2000005 /* DrinkType.swift */; };
		23CA14592F1954DF000C7B43 /* DrinkRating.swift in Sources */ = {isa = PBXBuildFile; fileRef = 23CA14582F1954DF000C7B43 /* DrinkRating.swift */; };
		23CA145A2F1954DF000C7B43 /* DrinkRating.swift in Sources */ = {isa = PBXBuildFile; fileRef = 23CA14582F1954DF000C7B43 /* DrinkRating.swift */; };
		23CA145B2F1954DF000C7B43 /* DrinkRating.swift in Sources */ = {isa = PBXBuildFile; fileRef = 23CA14582F1954DF000C7B43 /* DrinkRating.swift */; };
		23CA145C2F1954DF000C7B43 /* DrinkRating.swift in Sources */ = {isa = PBXBuildFile; fileRef = 23CA14582F1954DF000C7B43 /* DrinkRating.swift */; };
		23CA159F2F19A33D000C7B43 /* SettingsView.swift in Sources */ = {isa = PBXBuildFile; fileRef = 23CA159E2F19A33D000C7B43 /* SettingsView.swift */; };
		23CA15A12F19A347000C7B43 /* UserPreferences.swift in Sources */ = {isa = PBXBuildFile; fileRef = 23CA15A02F19A347000C7B43 /* UserPreferences.swift */; };
		23CA15A42F19A347000C7B43 /* UserPreferences.swift in Sources */ = {isa = PBXBuildFile; fileRef = 23CA15A02F19A347000C7B43 /* UserPreferences.swift */; };
		23CA15AA2F19A825000C7B43 /* CameraView.swift in Sources */ = {isa = PBXBuildFile; fileRef = 23CA15A92F19A825000C7B43 /* CameraView.swift */; };
		23CA15AF2F19B764000C7B43 /* fridgecig.icon in Resources */ = {isa = PBXBuildFile; fileRef = 23CA15AE2F19B6D7000C7B43 /* fridgecig.icon */; };
		23CA15B02F19B764000C7B43 /* fridgecig.icon in Resources */ = {isa = PBXBuildFile; fileRef = 23CA15AE2F19B6D7000C7B43 /* fridgecig.icon */; };
		23CA15B22F19EC86000C7B43 /* EditEntrySheet.swift in Sources */ = {isa = PBXBuildFile; fileRef = 23CA15B12F19EC86000C7B43 /* EditEntrySheet.swift */; };
		23CA15BB2F19ECA4000C7B43 /* UserIdentity.swift in Sources */ = {isa = PBXBuildFile; fileRef = 23CA15BA2F19ECA4000C7B43 /* UserIdentity.swift */; };
		23CA15BD2F19ECAD000C7B43 /* UserProfile.swift in Sources */ = {isa = PBXBuildFile; fileRef = 23CA15BC2F19ECAD000C7B43 /* UserProfile.swift */; };
		23CA15D52F19F322000C7B43 /* FriendConnection.swift in Sources */ = {isa = PBXBuildFile; fileRef = 23CA15D42F19F322000C7B43 /* FriendConnection.swift */; };
		23CA15D72F19F351000C7B43 /* LeaderboardCategory.swift in Sources */ = {isa = PBXBuildFile; fileRef = 23CA15D62F19F351000C7B43 /* LeaderboardCategory.swift */; };
		23CA15DC2F1A06A6000C7B43 /* RevenueCat in Frameworks */ = {isa = PBXBuildFile; productRef = 23CA15DB2F1A06A6000C7B43 /* RevenueCat */; };
		23CA15EB2F1AFA9F000C7B43 /* StoreKit.framework in Frameworks */ = {isa = PBXBuildFile; fileRef = 23CA15EA2F1AFA9F000C7B43 /* StoreKit.framework */; };
		A1000001 /* DietCokeTrackerApp.swift in Sources */ = {isa = PBXBuildFile; fileRef = A2000001 /* DietCokeTrackerApp.swift */; };
		A1000002 /* ContentView.swift in Sources */ = {isa = PBXBuildFile; fileRef = A2000002 /* ContentView.swift */; };
		A1000003 /* Assets.xcassets in Resources */ = {isa = PBXBuildFile; fileRef = A2000003 /* Assets.xcassets */; };
		A1000004 /* Preview Assets.xcassets in Resources */ = {isa = PBXBuildFile; fileRef = A2000004 /* Preview Assets.xcassets */; };
		A1000005 /* DrinkType.swift in Sources */ = {isa = PBXBuildFile; fileRef = A2000005 /* DrinkType.swift */; };
		A1000006 /* DrinkEntry.swift in Sources */ = {isa = PBXBuildFile; fileRef = A2000006 /* DrinkEntry.swift */; };
		A1000007 /* DrinkStore.swift in Sources */ = {isa = PBXBuildFile; fileRef = A2000007 /* DrinkStore.swift */; };
		A1000008 /* Color+DietCoke.swift in Sources */ = {isa = PBXBuildFile; fileRef = A2000008 /* Color+DietCoke.swift */; };
		A1000009 /* AddDrinkView.swift in Sources */ = {isa = PBXBuildFile; fileRef = A2000009 /* AddDrinkView.swift */; };
		A1000010 /* HistoryView.swift in Sources */ = {isa = PBXBuildFile; fileRef = A2000010 /* HistoryView.swift */; };
		A1000011 /* StatsView.swift in Sources */ = {isa = PBXBuildFile; fileRef = A2000011 /* StatsView.swift */; };
		A1000012 /* DrinkRowView.swift in Sources */ = {isa = PBXBuildFile; fileRef = A2000012 /* DrinkRowView.swift */; };
		A1000013 /* QuickAddButton.swift in Sources */ = {isa = PBXBuildFile; fileRef = A2000013 /* QuickAddButton.swift */; };
/* End PBXBuildFile section */

/* Begin PBXContainerItemProxy section */
		23CA14062F189F6B000C7B43 /* PBXContainerItemProxy */ = {
			isa = PBXContainerItemProxy;
			containerPortal = A7000000 /* Project object */;
			proxyType = 1;
			remoteGlobalIDString = 23CA13F52F189F69000C7B43;
			remoteInfo = DietCokeWidgetExtension;
		};
		23CA14282F18A88B000C7B43 /* PBXContainerItemProxy */ = {
			isa = PBXContainerItemProxy;
			containerPortal = A7000000 /* Project object */;
			proxyType = 1;
			remoteGlobalIDString = 23CA141F2F18A889000C7B43;
			remoteInfo = "DietCokeWatch Watch App";
		};
		23CA144A2F18ACE2000C7B43 /* PBXContainerItemProxy */ = {
			isa = PBXContainerItemProxy;
			containerPortal = A7000000 /* Project object */;
			proxyType = 1;
			remoteGlobalIDString = 23CA143C2F18ACE1000C7B43;
			remoteInfo = DietCokeWatchWidgetExtension;
		};
/* End PBXContainerItemProxy section */

/* Begin PBXCopyFilesBuildPhase section */
		23CA140D2F189F6B000C7B43 /* Embed Foundation Extensions */ = {
			isa = PBXCopyFilesBuildPhase;
			buildActionMask = 2147483647;
			dstPath = "";
			dstSubfolderSpec = 13;
			files = (
				23CA14082F189F6B000C7B43 /* DietCokeWidgetExtension.appex in Embed Foundation Extensions */,
			);
			name = "Embed Foundation Extensions";
			runOnlyForDeploymentPostprocessing = 0;
		};
		23CA142E2F18A88B000C7B43 /* Embed Watch Content */ = {
			isa = PBXCopyFilesBuildPhase;
			buildActionMask = 2147483647;
			dstPath = "$(CONTENTS_FOLDER_PATH)/Watch";
			dstSubfolderSpec = 16;
			files = (
				23CA142A2F18A88B000C7B43 /* DietCokeWatch Watch App.app in Embed Watch Content */,
			);
			name = "Embed Watch Content";
			runOnlyForDeploymentPostprocessing = 0;
		};
		23CA14512F18ACE2000C7B43 /* Embed Foundation Extensions */ = {
			isa = PBXCopyFilesBuildPhase;
			buildActionMask = 2147483647;
			dstPath = "";
			dstSubfolderSpec = 13;
			files = (
				23CA144C2F18ACE2000C7B43 /* DietCokeWatchWidgetExtension.appex in Embed Foundation Extensions */,
			);
			name = "Embed Foundation Extensions";
			runOnlyForDeploymentPostprocessing = 0;
		};
/* End PBXCopyFilesBuildPhase section */

/* Begin PBXFileReference section */
		237342E02F21D1B7007CD14A /* ActivityItem.swift */ = {isa = PBXFileReference; lastKnownFileType = sourcecode.swift; path = ActivityItem.swift; sourceTree = "<group>"; };
		237342E12F21D1B7007CD14A /* MilestoneCard.swift */ = {isa = PBXFileReference; lastKnownFileType = sourcecode.swift; path = MilestoneCard.swift; sourceTree = "<group>"; };
		237342E42F21D1B7007CD14A /* WeeklyRecap.swift */ = {isa = PBXFileReference; lastKnownFileType = sourcecode.swift; path = WeeklyRecap.swift; sourceTree = "<group>"; };
		23CA13DA2F186169000C7B43 /* Badge.swift */ = {isa = PBXFileReference; lastKnownFileType = sourcecode.swift; path = Badge.swift; sourceTree = "<group>"; };
		23CA13DB2F186169000C7B43 /* BadgeStore.swift */ = {isa = PBXFileReference; lastKnownFileType = sourcecode.swift; path = BadgeStore.swift; sourceTree = "<group>"; };
		23CA13DE2F18617D000C7B43 /* BadgesView.swift */ = {isa = PBXFileReference; lastKnownFileType = sourcecode.swift; path = BadgesView.swift; sourceTree = "<group>"; };
		23CA13DF2F18617D000C7B43 /* BadgeView.swift */ = {isa = PBXFileReference; lastKnownFileType = sourcecode.swift; path = BadgeView.swift; sourceTree = "<group>"; };
		23CA13F02F1895AD000C7B43 /* EditEntrySheet.swift */ = {isa = PBXFileReference; lastKnownFileType = sourcecode.swift; path = EditEntrySheet.swift; sourceTree = "<group>"; };
		23CA13F62F189F69000C7B43 /* DietCokeWidgetExtension.appex */ = {isa = PBXFileReference; explicitFileType = "wrapper.app-extension"; includeInIndex = 0; path = DietCokeWidgetExtension.appex; sourceTree = BUILT_PRODUCTS_DIR; };
		23CA13F82F189F69000C7B43 /* WidgetKit.framework */ = {isa = PBXFileReference; lastKnownFileType = wrapper.framework; name = WidgetKit.framework; path = System/Library/Frameworks/WidgetKit.framework; sourceTree = SDKROOT; };
		23CA13FA2F189F69000C7B43 /* SwiftUI.framework */ = {isa = PBXFileReference; lastKnownFileType = wrapper.framework; name = SwiftUI.framework; path = System/Library/Frameworks/SwiftUI.framework; sourceTree = SDKROOT; };
		23CA140E2F189FAF000C7B43 /* DietCokeTracker.entitlements */ = {isa = PBXFileReference; lastKnownFileType = text.plist.entitlements; path = DietCokeTracker.entitlements; sourceTree = "<group>"; };
		23CA140F2F18A045000C7B43 /* DietCokeWidgetExtension.entitlements */ = {isa = PBXFileReference; lastKnownFileType = text.plist.entitlements; path = DietCokeWidgetExtension.entitlements; sourceTree = "<group>"; };
		23CA14202F18A889000C7B43 /* DietCokeWatch Watch App.app */ = {isa = PBXFileReference; explicitFileType = wrapper.application; includeInIndex = 0; path = "DietCokeWatch Watch App.app"; sourceTree = BUILT_PRODUCTS_DIR; };
		23CA143D2F18ACE1000C7B43 /* DietCokeWatchWidgetExtension.appex */ = {isa = PBXFileReference; explicitFileType = "wrapper.app-extension"; includeInIndex = 0; path = DietCokeWatchWidgetExtension.appex; sourceTree = BUILT_PRODUCTS_DIR; };
		23CA14522F18ACF8000C7B43 /* DietCokeWatchWidgetExtension.entitlements */ = {isa = PBXFileReference; lastKnownFileType = text.plist.entitlements; path = DietCokeWatchWidgetExtension.entitlements; sourceTree = "<group>"; };
		23CA14582F1954DF000C7B43 /* DrinkRating.swift */ = {isa = PBXFileReference; lastKnownFileType = sourcecode.swift; path = DrinkRating.swift; sourceTree = "<group>"; };
		23CA159E2F19A33D000C7B43 /* SettingsView.swift */ = {isa = PBXFileReference; lastKnownFileType = sourcecode.swift; path = SettingsView.swift; sourceTree = "<group>"; };
		23CA15A02F19A347000C7B43 /* UserPreferences.swift */ = {isa = PBXFileReference; lastKnownFileType = sourcecode.swift; path = UserPreferences.swift; sourceTree = "<group>"; };
		23CA15A92F19A825000C7B43 /* CameraView.swift */ = {isa = PBXFileReference; lastKnownFileType = sourcecode.swift; path = CameraView.swift; sourceTree = "<group>"; };
		23CA15AB2F19A8A4000C7B43 /* Info.plist */ = {isa = PBXFileReference; lastKnownFileType = text.plist; path = Info.plist; sourceTree = "<group>"; };
		23CA15AE2F19B6D7000C7B43 /* fridgecig.icon */ = {isa = PBXFileReference; lastKnownFileType = folder.iconcomposer.icon; path = fridgecig.icon; sourceTree = "<group>"; };
		23CA15B12F19EC86000C7B43 /* EditEntrySheet.swift */ = {isa = PBXFileReference; lastKnownFileType = sourcecode.swift; path = EditEntrySheet.swift; sourceTree = "<group>"; };
		23CA15BA2F19ECA4000C7B43 /* UserIdentity.swift */ = {isa = PBXFileReference; lastKnownFileType = sourcecode.swift; path = UserIdentity.swift; sourceTree = "<group>"; };
		23CA15BC2F19ECAD000C7B43 /* UserProfile.swift */ = {isa = PBXFileReference; lastKnownFileType = sourcecode.swift; path = UserProfile.swift; sourceTree = "<group>"; };
		23CA15D42F19F322000C7B43 /* FriendConnection.swift */ = {isa = PBXFileReference; lastKnownFileType = sourcecode.swift; path = FriendConnection.swift; sourceTree = "<group>"; };
		23CA15D62F19F351000C7B43 /* LeaderboardCategory.swift */ = {isa = PBXFileReference; lastKnownFileType = sourcecode.swift; path = LeaderboardCategory.swift; sourceTree = "<group>"; };
		23CA15EA2F1AFA9F000C7B43 /* StoreKit.framework */ = {isa = PBXFileReference; lastKnownFileType = wrapper.framework; name = StoreKit.framework; path = System/Library/Frameworks/StoreKit.framework; sourceTree = SDKROOT; };
		A2000000 /* DietCokeTracker.app */ = {isa = PBXFileReference; explicitFileType = wrapper.application; includeInIndex = 0; path = DietCokeTracker.app; sourceTree = BUILT_PRODUCTS_DIR; };
		A2000001 /* DietCokeTrackerApp.swift */ = {isa = PBXFileReference; lastKnownFileType = sourcecode.swift; path = DietCokeTrackerApp.swift; sourceTree = "<group>"; };
		A2000002 /* ContentView.swift */ = {isa = PBXFileReference; lastKnownFileType = sourcecode.swift; path = ContentView.swift; sourceTree = "<group>"; };
		A2000003 /* Assets.xcassets */ = {isa = PBXFileReference; lastKnownFileType = folder.assetcatalog; path = Assets.xcassets; sourceTree = "<group>"; };
		A2000004 /* Preview Assets.xcassets */ = {isa = PBXFileReference; lastKnownFileType = folder.assetcatalog; path = "Preview Assets.xcassets"; sourceTree = "<group>"; };
		A2000005 /* DrinkType.swift */ = {isa = PBXFileReference; lastKnownFileType = sourcecode.swift; path = DrinkType.swift; sourceTree = "<group>"; };
		A2000006 /* DrinkEntry.swift */ = {isa = PBXFileReference; lastKnownFileType = sourcecode.swift; path = DrinkEntry.swift; sourceTree = "<group>"; };
		A2000007 /* DrinkStore.swift */ = {isa = PBXFileReference; lastKnownFileType = sourcecode.swift; path = DrinkStore.swift; sourceTree = "<group>"; };
		A2000008 /* Color+DietCoke.swift */ = {isa = PBXFileReference; lastKnownFileType = sourcecode.swift; path = "Color+DietCoke.swift"; sourceTree = "<group>"; };
		A2000009 /* AddDrinkView.swift */ = {isa = PBXFileReference; lastKnownFileType = sourcecode.swift; path = AddDrinkView.swift; sourceTree = "<group>"; };
		A2000010 /* HistoryView.swift */ = {isa = PBXFileReference; lastKnownFileType = sourcecode.swift; path = HistoryView.swift; sourceTree = "<group>"; };
		A2000011 /* StatsView.swift */ = {isa = PBXFileReference; lastKnownFileType = sourcecode.swift; path = StatsView.swift; sourceTree = "<group>"; };
		A2000012 /* DrinkRowView.swift */ = {isa = PBXFileReference; lastKnownFileType = sourcecode.swift; path = DrinkRowView.swift; sourceTree = "<group>"; };
		A2000013 /* QuickAddButton.swift */ = {isa = PBXFileReference; lastKnownFileType = sourcecode.swift; path = QuickAddButton.swift; sourceTree = "<group>"; };
/* End PBXFileReference section */

/* Begin PBXFileSystemSynchronizedBuildFileExceptionSet section */
		23CA14092F189F6B000C7B43 /* PBXFileSystemSynchronizedBuildFileExceptionSet */ = {
			isa = PBXFileSystemSynchronizedBuildFileExceptionSet;
			membershipExceptions = (
				Info.plist,
			);
			target = 23CA13F52F189F69000C7B43 /* DietCokeWidgetExtension */;
		};
		23CA14162F18A486000C7B43 /* PBXFileSystemSynchronizedBuildFileExceptionSet */ = {
			isa = PBXFileSystemSynchronizedBuildFileExceptionSet;
			membershipExceptions = (
				BeverageBrand.swift,
				SharedDataManager.swift,
				SubscriptionStatusManager.swift,
			);
			target = 23CA13F52F189F69000C7B43 /* DietCokeWidgetExtension */;
		};
		23CA14312F18A915000C7B43 /* PBXFileSystemSynchronizedBuildFileExceptionSet */ = {
			isa = PBXFileSystemSynchronizedBuildFileExceptionSet;
			membershipExceptions = (
				BeverageBrand.swift,
				SharedDataManager.swift,
				SubscriptionStatusManager.swift,
			);
			target = 23CA141F2F18A889000C7B43 /* DietCokeWatch Watch App */;
		};
		23CA14502F18ACE2000C7B43 /* PBXFileSystemSynchronizedBuildFileExceptionSet */ = {
			isa = PBXFileSystemSynchronizedBuildFileExceptionSet;
			membershipExceptions = (
				Info.plist,
			);
			target = 23CA143C2F18ACE1000C7B43 /* DietCokeWatchWidgetExtension */;
		};
		23CA14542F18AD03000C7B43 /* PBXFileSystemSynchronizedBuildFileExceptionSet */ = {
			isa = PBXFileSystemSynchronizedBuildFileExceptionSet;
			membershipExceptions = (
				BeverageBrand.swift,
				SharedDataManager.swift,
				SubscriptionStatusManager.swift,
			);
			target = 23CA143C2F18ACE1000C7B43 /* DietCokeWatchWidgetExtension */;
		};
/* End PBXFileSystemSynchronizedBuildFileExceptionSet section */

/* Begin PBXFileSystemSynchronizedRootGroup section */
		237342D02F21D184007CD14A /* MilestoneCard */ = {isa = PBXFileSystemSynchronizedRootGroup; explicitFileTypes = {}; explicitFolders = (); path = MilestoneCard; sourceTree = "<group>"; };
		237342D72F21D184007CD14A /* WeeklyRecap */ = {isa = PBXFileSystemSynchronizedRootGroup; explicitFileTypes = {}; explicitFolders = (); path = WeeklyRecap; sourceTree = "<group>"; };
		237342EC2F21D1D3007CD14A /* ActivityFeed */ = {isa = PBXFileSystemSynchronizedRootGroup; explicitFileTypes = {}; explicitFolders = (); path = ActivityFeed; sourceTree = "<group>"; };
		23CA13FC2F189F69000C7B43 /* DietCokeWidget */ = {isa = PBXFileSystemSynchronizedRootGroup; exceptions = (23CA14092F189F6B000C7B43 /* PBXFileSystemSynchronizedBuildFileExceptionSet */, ); explicitFileTypes = {}; explicitFolders = (); path = DietCokeWidget; sourceTree = "<group>"; };
		23CA14132F18A480000C7B43 /* Shared */ = {isa = PBXFileSystemSynchronizedRootGroup; exceptions = (23CA14162F18A486000C7B43 /* PBXFileSystemSynchronizedBuildFileExceptionSet */, 23CA14312F18A915000C7B43 /* PBXFileSystemSynchronizedBuildFileExceptionSet */, 23CA14542F18AD03000C7B43 /* PBXFileSystemSynchronizedBuildFileExceptionSet */, ); explicitFileTypes = {}; explicitFolders = (); path = Shared; sourceTree = "<group>"; };
		23CA14212F18A889000C7B43 /* DietCokeWatch Watch App */ = {isa = PBXFileSystemSynchronizedRootGroup; explicitFileTypes = {}; explicitFolders = (); path = "DietCokeWatch Watch App"; sourceTree = "<group>"; };
		23CA14402F18ACE1000C7B43 /* DietCokeWatchWidget */ = {isa = PBXFileSystemSynchronizedRootGroup; exceptions = (23CA14502F18ACE2000C7B43 /* PBXFileSystemSynchronizedBuildFileExceptionSet */, ); explicitFileTypes = {}; explicitFolders = (); path = DietCokeWatchWidget; sourceTree = "<group>"; };
		23CA15B62F19EC8E000C7B43 /* Social */ = {isa = PBXFileSystemSynchronizedRootGroup; explicitFileTypes = {}; explicitFolders = (); path = Social; sourceTree = "<group>"; };
		23CA15C12F19ECC4000C7B43 /* Services */ = {isa = PBXFileSystemSynchronizedRootGroup; explicitFileTypes = {}; explicitFolders = (); path = Services; sourceTree = "<group>"; };
		23CA15E72F1AF9C7000C7B43 /* Subscription */ = {isa = PBXFileSystemSynchronizedRootGroup; explicitFileTypes = {}; explicitFolders = (); path = Subscription; sourceTree = "<group>"; };
/* End PBXFileSystemSynchronizedRootGroup section */

/* Begin PBXFrameworksBuildPhase section */
		23CA13F32F189F69000C7B43 /* Frameworks */ = {
			isa = PBXFrameworksBuildPhase;
			buildActionMask = 2147483647;
			files = (
				23CA13FB2F189F69000C7B43 /* SwiftUI.framework in Frameworks */,
				23CA13F92F189F69000C7B43 /* WidgetKit.framework in Frameworks */,
			);
			runOnlyForDeploymentPostprocessing = 0;
		};
		23CA141D2F18A889000C7B43 /* Frameworks */ = {
			isa = PBXFrameworksBuildPhase;
			buildActionMask = 2147483647;
			files = (
			);
			runOnlyForDeploymentPostprocessing = 0;
		};
		23CA143A2F18ACE1000C7B43 /* Frameworks */ = {
			isa = PBXFrameworksBuildPhase;
			buildActionMask = 2147483647;
			files = (
				23CA143F2F18ACE1000C7B43 /* SwiftUI.framework in Frameworks */,
				23CA143E2F18ACE1000C7B43 /* WidgetKit.framework in Frameworks */,
			);
			runOnlyForDeploymentPostprocessing = 0;
		};
		A3000001 /* Frameworks */ = {
			isa = PBXFrameworksBuildPhase;
			buildActionMask = 2147483647;
			files = (
				23CA15DC2F1A06A6000C7B43 /* RevenueCat in Frameworks */,
				23CA15EB2F1AFA9F000C7B43 /* StoreKit.framework in Frameworks */,
			);
			runOnlyForDeploymentPostprocessing = 0;
		};
/* End PBXFrameworksBuildPhase section */

/* Begin PBXGroup section */
		23CA13F72F189F69000C7B43 /* Frameworks */ = {
			isa = PBXGroup;
			children = (
				23CA15EA2F1AFA9F000C7B43 /* StoreKit.framework */,
				23CA13F82F189F69000C7B43 /* WidgetKit.framework */,
				23CA13FA2F189F69000C7B43 /* SwiftUI.framework */,
			);
			name = Frameworks;
			sourceTree = "<group>";
		};
		A4000000 = {
			isa = PBXGroup;
			children = (
				23CA14522F18ACF8000C7B43 /* DietCokeWatchWidgetExtension.entitlements */,
				23CA140F2F18A045000C7B43 /* DietCokeWidgetExtension.entitlements */,
				A4000001 /* DietCokeTracker */,
				23CA13FC2F189F69000C7B43 /* DietCokeWidget */,
				23CA14212F18A889000C7B43 /* DietCokeWatch Watch App */,
				23CA14402F18ACE1000C7B43 /* DietCokeWatchWidget */,
				23CA13F72F189F69000C7B43 /* Frameworks */,
				A4000005 /* Products */,
			);
			sourceTree = "<group>";
		};
		A4000001 /* DietCokeTracker */ = {
			isa = PBXGroup;
			children = (
				23CA15C12F19ECC4000C7B43 /* Services */,
				23CA15AB2F19A8A4000C7B43 /* Info.plist */,
				23CA14132F18A480000C7B43 /* Shared */,
				23CA140E2F189FAF000C7B43 /* DietCokeTracker.entitlements */,
				A2000001 /* DietCokeTrackerApp.swift */,
				A2000002 /* ContentView.swift */,
				A4000002 /* Models */,
				A4000003 /* Views */,
				A4000004 /* Extensions */,
				A2000003 /* Assets.xcassets */,
				A4000006 /* Preview Content */,
				23CA15AE2F19B6D7000C7B43 /* fridgecig.icon */,
			);
			path = DietCokeTracker;
			sourceTree = "<group>";
		};
		A4000002 /* Models */ = {
			isa = PBXGroup;
			children = (
				237342E02F21D1B7007CD14A /* ActivityItem.swift */,
				237342E12F21D1B7007CD14A /* MilestoneCard.swift */,
				237342E42F21D1B7007CD14A /* WeeklyRecap.swift */,
				23CA15D62F19F351000C7B43 /* LeaderboardCategory.swift */,
				23CA15D42F19F322000C7B43 /* FriendConnection.swift */,
				23CA15BC2F19ECAD000C7B43 /* UserProfile.swift */,
				23CA15BA2F19ECA4000C7B43 /* UserIdentity.swift */,
				23CA14582F1954DF000C7B43 /* DrinkRating.swift */,
				23CA15A02F19A347000C7B43 /* UserPreferences.swift */,
				23CA13DA2F186169000C7B43 /* Badge.swift */,
				23CA13DB2F186169000C7B43 /* BadgeStore.swift */,
				A2000005 /* DrinkType.swift */,
				A2000006 /* DrinkEntry.swift */,
				A2000007 /* DrinkStore.swift */,
			);
			path = Models;
			sourceTree = "<group>";
		};
		A4000003 /* Views */ = {
			isa = PBXGroup;
			children = (
				237342EC2F21D1D3007CD14A /* ActivityFeed */,
				237342D02F21D184007CD14A /* MilestoneCard */,
				237342D72F21D184007CD14A /* WeeklyRecap */,
				23CA15E72F1AF9C7000C7B43 /* Subscription */,
				23CA15B62F19EC8E000C7B43 /* Social */,
				23CA15B12F19EC86000C7B43 /* EditEntrySheet.swift */,
				23CA15A92F19A825000C7B43 /* CameraView.swift */,
				23CA159E2F19A33D000C7B43 /* SettingsView.swift */,
				23CA13F02F1895AD000C7B43 /* EditEntrySheet.swift */,
				23CA13DE2F18617D000C7B43 /* BadgesView.swift */,
				23CA13DF2F18617D000C7B43 /* BadgeView.swift */,
				A2000009 /* AddDrinkView.swift */,
				A2000010 /* HistoryView.swift */,
				A2000011 /* StatsView.swift */,
				A2000012 /* DrinkRowView.swift */,
				A2000013 /* QuickAddButton.swift */,
			);
			path = Views;
			sourceTree = "<group>";
		};
		A4000004 /* Extensions */ = {
			isa = PBXGroup;
			children = (
				A2000008 /* Color+DietCoke.swift */,
			);
			path = Extensions;
			sourceTree = "<group>";
		};
		A4000005 /* Products */ = {
			isa = PBXGroup;
			children = (
				A2000000 /* DietCokeTracker.app */,
				23CA13F62F189F69000C7B43 /* DietCokeWidgetExtension.appex */,
				23CA14202F18A889000C7B43 /* DietCokeWatch Watch App.app */,
				23CA143D2F18ACE1000C7B43 /* DietCokeWatchWidgetExtension.appex */,
			);
			name = Products;
			sourceTree = "<group>";
		};
		A4000006 /* Preview Content */ = {
			isa = PBXGroup;
			children = (
				A2000004 /* Preview Assets.xcassets */,
			);
			path = "Preview Content";
			sourceTree = "<group>";
		};
/* End PBXGroup section */

/* Begin PBXNativeTarget section */
		23CA13F52F189F69000C7B43 /* DietCokeWidgetExtension */ = {
			isa = PBXNativeTarget;
			buildConfigurationList = 23CA140A2F189F6B000C7B43 /* Build configuration list for PBXNativeTarget "DietCokeWidgetExtension" */;
			buildPhases = (
				23CA13F22F189F69000C7B43 /* Sources */,
				23CA13F32F189F69000C7B43 /* Frameworks */,
				23CA13F42F189F69000C7B43 /* Resources */,
			);
			buildRules = (
			);
			dependencies = (
			);
			fileSystemSynchronizedGroups = (
				23CA13FC2F189F69000C7B43 /* DietCokeWidget */,
			);
			name = DietCokeWidgetExtension;
			packageProductDependencies = (
			);
			productName = DietCokeWidgetExtension;
			productReference = 23CA13F62F189F69000C7B43 /* DietCokeWidgetExtension.appex */;
			productType = "com.apple.product-type.app-extension";
		};
		23CA141F2F18A889000C7B43 /* DietCokeWatch Watch App */ = {
			isa = PBXNativeTarget;
			buildConfigurationList = 23CA142B2F18A88B000C7B43 /* Build configuration list for PBXNativeTarget "DietCokeWatch Watch App" */;
			buildPhases = (
				23CA141C2F18A889000C7B43 /* Sources */,
				23CA141D2F18A889000C7B43 /* Frameworks */,
				23CA141E2F18A889000C7B43 /* Resources */,
				23CA14512F18ACE2000C7B43 /* Embed Foundation Extensions */,
			);
			buildRules = (
			);
			dependencies = (
				23CA144B2F18ACE2000C7B43 /* PBXTargetDependency */,
			);
			fileSystemSynchronizedGroups = (
				23CA14212F18A889000C7B43 /* DietCokeWatch Watch App */,
			);
			name = "DietCokeWatch Watch App";
			packageProductDependencies = (
			);
			productName = "DietCokeWatch Watch App";
			productReference = 23CA14202F18A889000C7B43 /* DietCokeWatch Watch App.app */;
			productType = "com.apple.product-type.application";
		};
		23CA143C2F18ACE1000C7B43 /* DietCokeWatchWidgetExtension */ = {
			isa = PBXNativeTarget;
			buildConfigurationList = 23CA144D2F18ACE2000C7B43 /* Build configuration list for PBXNativeTarget "DietCokeWatchWidgetExtension" */;
			buildPhases = (
				23CA14392F18ACE1000C7B43 /* Sources */,
				23CA143A2F18ACE1000C7B43 /* Frameworks */,
				23CA143B2F18ACE1000C7B43 /* Resources */,
			);
			buildRules = (
			);
			dependencies = (
			);
			fileSystemSynchronizedGroups = (
				23CA14402F18ACE1000C7B43 /* DietCokeWatchWidget */,
			);
			name = DietCokeWatchWidgetExtension;
			packageProductDependencies = (
			);
			productName = DietCokeWatchWidgetExtension;
			productReference = 23CA143D2F18ACE1000C7B43 /* DietCokeWatchWidgetExtension.appex */;
			productType = "com.apple.product-type.app-extension";
		};
		A5000000 /* DietCokeTracker */ = {
			isa = PBXNativeTarget;
			buildConfigurationList = A6000002 /* Build configuration list for PBXNativeTarget "DietCokeTracker" */;
			buildPhases = (
				A3000000 /* Sources */,
				A3000001 /* Frameworks */,
				A3000002 /* Resources */,
				23CA140D2F189F6B000C7B43 /* Embed Foundation Extensions */,
				23CA142E2F18A88B000C7B43 /* Embed Watch Content */,
			);
			buildRules = (
			);
			dependencies = (
				23CA14072F189F6B000C7B43 /* PBXTargetDependency */,
				23CA14292F18A88B000C7B43 /* PBXTargetDependency */,
			);
			fileSystemSynchronizedGroups = (
				237342D02F21D184007CD14A /* MilestoneCard */,
				237342D72F21D184007CD14A /* WeeklyRecap */,
				237342EC2F21D1D3007CD14A /* ActivityFeed */,
				23CA14132F18A480000C7B43 /* Shared */,
				23CA15B62F19EC8E000C7B43 /* Social */,
				23CA15C12F19ECC4000C7B43 /* Services */,
				23CA15E72F1AF9C7000C7B43 /* Subscription */,
			);
			name = DietCokeTracker;
			productName = DietCokeTracker;
			productReference = A2000000 /* DietCokeTracker.app */;
			productType = "com.apple.product-type.application";
		};
/* End PBXNativeTarget section */

/* Begin PBXProject section */
		A7000000 /* Project object */ = {
			isa = PBXProject;
			attributes = {
				BuildIndependentTargetsInParallel = 1;
				LastSwiftUpdateCheck = 2620;
				LastUpgradeCheck = 2620;
				TargetAttributes = {
					23CA13F52F189F69000C7B43 = {
						CreatedOnToolsVersion = 26.2;
					};
					23CA141F2F18A889000C7B43 = {
						CreatedOnToolsVersion = 26.2;
					};
					23CA143C2F18ACE1000C7B43 = {
						CreatedOnToolsVersion = 26.2;
					};
					A5000000 = {
						CreatedOnToolsVersion = 15.0;
					};
				};
			};
			buildConfigurationList = A6000000 /* Build configuration list for PBXProject "DietCokeTracker" */;
			compatibilityVersion = "Xcode 14.0";
			developmentRegion = en;
			hasScannedForEncodings = 0;
			knownRegions = (
				en,
				Base,
			);
			mainGroup = A4000000;
			packageReferences = (
				23CA15DA2F1A06A6000C7B43 /* XCRemoteSwiftPackageReference "purchases-ios" */,
			);
			productRefGroup = A4000005 /* Products */;
			projectDirPath = "";
			projectRoot = "";
			targets = (
				A5000000 /* DietCokeTracker */,
				23CA13F52F189F69000C7B43 /* DietCokeWidgetExtension */,
				23CA141F2F18A889000C7B43 /* DietCokeWatch Watch App */,
				23CA143C2F18ACE1000C7B43 /* DietCokeWatchWidgetExtension */,
			);
		};
/* End PBXProject section */

/* Begin PBXResourcesBuildPhase section */
		23CA13F42F189F69000C7B43 /* Resources */ = {
			isa = PBXResourcesBuildPhase;
			buildActionMask = 2147483647;
			files = (
			);
			runOnlyForDeploymentPostprocessing = 0;
		};
		23CA141E2F18A889000C7B43 /* Resources */ = {
			isa = PBXResourcesBuildPhase;
			buildActionMask = 2147483647;
			files = (
				23CA15B02F19B764000C7B43 /* fridgecig.icon in Resources */,
			);
			runOnlyForDeploymentPostprocessing = 0;
		};
		23CA143B2F18ACE1000C7B43 /* Resources */ = {
			isa = PBXResourcesBuildPhase;
			buildActionMask = 2147483647;
			files = (
			);
			runOnlyForDeploymentPostprocessing = 0;
		};
		A3000002 /* Resources */ = {
			isa = PBXResourcesBuildPhase;
			buildActionMask = 2147483647;
			files = (
				A1000004 /* Preview Assets.xcassets in Resources */,
				23CA15AF2F19B764000C7B43 /* fridgecig.icon in Resources */,
				A1000003 /* Assets.xcassets in Resources */,
			);
			runOnlyForDeploymentPostprocessing = 0;
		};
/* End PBXResourcesBuildPhase section */

/* Begin PBXSourcesBuildPhase section */
		23CA13F22F189F69000C7B43 /* Sources */ = {
			isa = PBXSourcesBuildPhase;
			buildActionMask = 2147483647;
			files = (
				23CA14102F18A32C000C7B43 /* DrinkType.swift in Sources */,
				23CA14172F18A539000C7B43 /* Badge.swift in Sources */,
				23CA14112F18A336000C7B43 /* DrinkEntry.swift in Sources */,
				23CA145B2F1954DF000C7B43 /* DrinkRating.swift in Sources */,
			);
			runOnlyForDeploymentPostprocessing = 0;
		};
		23CA141C2F18A889000C7B43 /* Sources */ = {
			isa = PBXSourcesBuildPhase;
			buildActionMask = 2147483647;
			files = (
				23CA14592F1954DF000C7B43 /* DrinkRating.swift in Sources */,
				23CA15A12F19A347000C7B43 /* UserPreferences.swift in Sources */,
				23CA14322F18A921000C7B43 /* Badge.swift in Sources */,
				23CA14332F18A92B000C7B43 /* DrinkEntry.swift in Sources */,
				23CA14342F18A932000C7B43 /* DrinkType.swift in Sources */,
			);
			runOnlyForDeploymentPostprocessing = 0;
		};
		23CA14392F18ACE1000C7B43 /* Sources */ = {
			isa = PBXSourcesBuildPhase;
			buildActionMask = 2147483647;
			files = (
				23CA145C2F1954DF000C7B43 /* DrinkRating.swift in Sources */,
				23CA14562F18AD0D000C7B43 /* DrinkEntry.swift in Sources */,
				23CA14552F18AD09000C7B43 /* Badge.swift in Sources */,
				23CA14572F18AD17000C7B43 /* DrinkType.swift in Sources */,
			);
			runOnlyForDeploymentPostprocessing = 0;
		};
		A3000000 /* Sources */ = {
			isa = PBXSourcesBuildPhase;
			buildActionMask = 2147483647;
			files = (
				23CA15D72F19F351000C7B43 /* LeaderboardCategory.swift in Sources */,
				23CA13F12F1895AD000C7B43 /* EditEntrySheet.swift in Sources */,
				23CA15A42F19A347000C7B43 /* UserPreferences.swift in Sources */,
				A1000002 /* ContentView.swift in Sources */,
				A1000001 /* DietCokeTrackerApp.swift in Sources */,
				A1000005 /* DrinkType.swift in Sources */,
				23CA145A2F1954DF000C7B43 /* DrinkRating.swift in Sources */,
				23CA159F2F19A33D000C7B43 /* SettingsView.swift in Sources */,
				A1000006 /* DrinkEntry.swift in Sources */,
				23CA15BD2F19ECAD000C7B43 /* UserProfile.swift in Sources */,
				23CA13E02F18617D000C7B43 /* BadgesView.swift in Sources */,
				23CA13E12F18617D000C7B43 /* BadgeView.swift in Sources */,
				A1000007 /* DrinkStore.swift in Sources */,
				237342E72F21D1B7007CD14A /* WeeklyRecap.swift in Sources */,
				237342E82F21D1B7007CD14A /* MilestoneCard.swift in Sources */,
				237342E92F21D1B7007CD14A /* ActivityItem.swift in Sources */,
				A1000008 /* Color+DietCoke.swift in Sources */,
				A1000009 /* AddDrinkView.swift in Sources */,
				23CA15BB2F19ECA4000C7B43 /* UserIdentity.swift in Sources */,
				A1000010 /* HistoryView.swift in Sources */,
				23CA15B22F19EC86000C7B43 /* EditEntrySheet.swift in Sources */,
				23CA13DC2F186169000C7B43 /* Badge.swift in Sources */,
				23CA13DD2F186169000C7B43 /* BadgeStore.swift in Sources */,
				23CA15AA2F19A825000C7B43 /* CameraView.swift in Sources */,
				A1000011 /* StatsView.swift in Sources */,
				23CA15D52F19F322000C7B43 /* FriendConnection.swift in Sources */,
				A1000012 /* DrinkRowView.swift in Sources */,
				A1000013 /* QuickAddButton.swift in Sources */,
			);
			runOnlyForDeploymentPostprocessing = 0;
		};
/* End PBXSourcesBuildPhase section */

/* Begin PBXTargetDependency section */
		23CA14072F189F6B000C7B43 /* PBXTargetDependency */ = {
			isa = PBXTargetDependency;
			target = 23CA13F52F189F69000C7B43 /* DietCokeWidgetExtension */;
			targetProxy = 23CA14062F189F6B000C7B43 /* PBXContainerItemProxy */;
		};
		23CA14292F18A88B000C7B43 /* PBXTargetDependency */ = {
			isa = PBXTargetDependency;
			target = 23CA141F2F18A889000C7B43 /* DietCokeWatch Watch App */;
			targetProxy = 23CA14282F18A88B000C7B43 /* PBXContainerItemProxy */;
		};
		23CA144B2F18ACE2000C7B43 /* PBXTargetDependency */ = {
			isa = PBXTargetDependency;
			target = 23CA143C2F18ACE1000C7B43 /* DietCokeWatchWidgetExtension */;
			targetProxy = 23CA144A2F18ACE2000C7B43 /* PBXContainerItemProxy */;
		};
/* End PBXTargetDependency section */

/* Begin XCBuildConfiguration section */
		23CA140B2F189F6B000C7B43 /* Debug */ = {
			isa = XCBuildConfiguration;
			buildSettings = {
				ASSETCATALOG_COMPILER_GLOBAL_ACCENT_COLOR_NAME = AccentColor;
				ASSETCATALOG_COMPILER_WIDGET_BACKGROUND_COLOR_NAME = WidgetBackground;
				CODE_SIGN_ENTITLEMENTS = DietCokeWidgetExtension.entitlements;
				CODE_SIGN_STYLE = Automatic;
				CURRENT_PROJECT_VERSION = 1;
				GENERATE_INFOPLIST_FILE = YES;
				INFOPLIST_FILE = DietCokeWidget/Info.plist;
				INFOPLIST_KEY_CFBundleDisplayName = FridgeCigWidget;
				INFOPLIST_KEY_NSHumanReadableCopyright = "";
				IPHONEOS_DEPLOYMENT_TARGET = 26.2;
				LD_RUNPATH_SEARCH_PATHS = (
					"$(inherited)",
					"@executable_path/Frameworks",
					"@executable_path/../../Frameworks",
				);
				MARKETING_VERSION = 1.0;
				PRODUCT_BUNDLE_IDENTIFIER = co.brevinb.fridgecig.DietCokeWidget;
				PRODUCT_NAME = "$(TARGET_NAME)";
				SKIP_INSTALL = YES;
				STRING_CATALOG_GENERATE_SYMBOLS = YES;
				SWIFT_APPROACHABLE_CONCURRENCY = YES;
				SWIFT_EMIT_LOC_STRINGS = YES;
				SWIFT_UPCOMING_FEATURE_MEMBER_IMPORT_VISIBILITY = YES;
				SWIFT_VERSION = 5.0;
				TARGETED_DEVICE_FAMILY = "1,2";
			};
			name = Debug;
		};
		23CA140C2F189F6B000C7B43 /* Release */ = {
			isa = XCBuildConfiguration;
			buildSettings = {
				ASSETCATALOG_COMPILER_GLOBAL_ACCENT_COLOR_NAME = AccentColor;
				ASSETCATALOG_COMPILER_WIDGET_BACKGROUND_COLOR_NAME = WidgetBackground;
				CODE_SIGN_ENTITLEMENTS = DietCokeWidgetExtension.entitlements;
				CODE_SIGN_STYLE = Automatic;
				CURRENT_PROJECT_VERSION = 1;
				GENERATE_INFOPLIST_FILE = YES;
				INFOPLIST_FILE = DietCokeWidget/Info.plist;
				INFOPLIST_KEY_CFBundleDisplayName = FridgeCigWidget;
				INFOPLIST_KEY_NSHumanReadableCopyright = "";
				IPHONEOS_DEPLOYMENT_TARGET = 26.2;
				LD_RUNPATH_SEARCH_PATHS = (
					"$(inherited)",
					"@executable_path/Frameworks",
					"@executable_path/../../Frameworks",
				);
				MARKETING_VERSION = 1.0;
				PRODUCT_BUNDLE_IDENTIFIER = co.brevinb.fridgecig.DietCokeWidget;
				PRODUCT_NAME = "$(TARGET_NAME)";
				SKIP_INSTALL = YES;
				STRING_CATALOG_GENERATE_SYMBOLS = YES;
				SWIFT_APPROACHABLE_CONCURRENCY = YES;
				SWIFT_EMIT_LOC_STRINGS = YES;
				SWIFT_UPCOMING_FEATURE_MEMBER_IMPORT_VISIBILITY = YES;
				SWIFT_VERSION = 5.0;
				TARGETED_DEVICE_FAMILY = "1,2";
			};
			name = Release;
		};
		23CA142C2F18A88B000C7B43 /* Debug */ = {
			isa = XCBuildConfiguration;
			buildSettings = {
				ASSETCATALOG_COMPILER_APPICON_NAME = fridgecig;
				ASSETCATALOG_COMPILER_GLOBAL_ACCENT_COLOR_NAME = AccentColor;
				CODE_SIGN_ENTITLEMENTS = "DietCokeWatch Watch App/DietCokeWatch Watch App.entitlements";
				CODE_SIGN_STYLE = Automatic;
				CURRENT_PROJECT_VERSION = 1;
				ENABLE_PREVIEWS = YES;
				GENERATE_INFOPLIST_FILE = YES;
				INFOPLIST_KEY_CFBundleDisplayName = FridgeCigWatch;
				INFOPLIST_KEY_UISupportedInterfaceOrientations = "UIInterfaceOrientationPortrait UIInterfaceOrientationPortraitUpsideDown";
				INFOPLIST_KEY_WKCompanionAppBundleIdentifier = co.brevinb.fridgecig;
				LD_RUNPATH_SEARCH_PATHS = (
					"$(inherited)",
					"@executable_path/Frameworks",
				);
				MARKETING_VERSION = 1.0;
				PRODUCT_BUNDLE_IDENTIFIER = co.brevinb.fridgecig.watchkitapp;
				PRODUCT_NAME = "$(TARGET_NAME)";
				SDKROOT = watchos;
				SKIP_INSTALL = YES;
				STRING_CATALOG_GENERATE_SYMBOLS = YES;
				SWIFT_APPROACHABLE_CONCURRENCY = YES;
				SWIFT_DEFAULT_ACTOR_ISOLATION = MainActor;
				SWIFT_EMIT_LOC_STRINGS = YES;
				SWIFT_UPCOMING_FEATURE_MEMBER_IMPORT_VISIBILITY = YES;
				SWIFT_VERSION = 5.0;
				TARGETED_DEVICE_FAMILY = 4;
				WATCHOS_DEPLOYMENT_TARGET = 10.6;
			};
			name = Debug;
		};
		23CA142D2F18A88B000C7B43 /* Release */ = {
			isa = XCBuildConfiguration;
			buildSettings = {
				ASSETCATALOG_COMPILER_APPICON_NAME = fridgecig;
				ASSETCATALOG_COMPILER_GLOBAL_ACCENT_COLOR_NAME = AccentColor;
				CODE_SIGN_ENTITLEMENTS = "DietCokeWatch Watch App/DietCokeWatch Watch App.entitlements";
				CODE_SIGN_STYLE = Automatic;
				CURRENT_PROJECT_VERSION = 1;
				ENABLE_PREVIEWS = YES;
				GENERATE_INFOPLIST_FILE = YES;
				INFOPLIST_KEY_CFBundleDisplayName = FridgeCigWatch;
				INFOPLIST_KEY_UISupportedInterfaceOrientations = "UIInterfaceOrientationPortrait UIInterfaceOrientationPortraitUpsideDown";
				INFOPLIST_KEY_WKCompanionAppBundleIdentifier = co.brevinb.fridgecig;
				LD_RUNPATH_SEARCH_PATHS = (
					"$(inherited)",
					"@executable_path/Frameworks",
				);
				MARKETING_VERSION = 1.0;
				PRODUCT_BUNDLE_IDENTIFIER = co.brevinb.fridgecig.watchkitapp;
				PRODUCT_NAME = "$(TARGET_NAME)";
				SDKROOT = watchos;
				SKIP_INSTALL = YES;
				STRING_CATALOG_GENERATE_SYMBOLS = YES;
				SWIFT_APPROACHABLE_CONCURRENCY = YES;
				SWIFT_DEFAULT_ACTOR_ISOLATION = MainActor;
				SWIFT_EMIT_LOC_STRINGS = YES;
				SWIFT_UPCOMING_FEATURE_MEMBER_IMPORT_VISIBILITY = YES;
				SWIFT_VERSION = 5.0;
				TARGETED_DEVICE_FAMILY = 4;
				WATCHOS_DEPLOYMENT_TARGET = 10.6;
			};
			name = Release;
		};
		23CA144E2F18ACE2000C7B43 /* Debug */ = {
			isa = XCBuildConfiguration;
			buildSettings = {
				ASSETCATALOG_COMPILER_GLOBAL_ACCENT_COLOR_NAME = AccentColor;
				ASSETCATALOG_COMPILER_WIDGET_BACKGROUND_COLOR_NAME = WidgetBackground;
				CODE_SIGN_ENTITLEMENTS = DietCokeWatchWidgetExtension.entitlements;
				CODE_SIGN_STYLE = Automatic;
				CURRENT_PROJECT_VERSION = 1;
				GENERATE_INFOPLIST_FILE = YES;
				INFOPLIST_FILE = DietCokeWatchWidget/Info.plist;
				INFOPLIST_KEY_CFBundleDisplayName = FridgeCigWatchWidget;
				INFOPLIST_KEY_NSHumanReadableCopyright = "";
				LD_RUNPATH_SEARCH_PATHS = (
					"$(inherited)",
					"@executable_path/Frameworks",
					"@executable_path/../../Frameworks",
					"@executable_path/../../../../Frameworks",
				);
				MARKETING_VERSION = 1.0;
				PRODUCT_BUNDLE_IDENTIFIER = co.brevinb.fridgecig.watchkitapp.DietCokeWatchWidget;
				PRODUCT_NAME = "$(TARGET_NAME)";
				SDKROOT = watchos;
				SKIP_INSTALL = YES;
				STRING_CATALOG_GENERATE_SYMBOLS = YES;
				SWIFT_APPROACHABLE_CONCURRENCY = YES;
				SWIFT_EMIT_LOC_STRINGS = YES;
				SWIFT_UPCOMING_FEATURE_MEMBER_IMPORT_VISIBILITY = YES;
				SWIFT_VERSION = 5.0;
				TARGETED_DEVICE_FAMILY = 4;
				WATCHOS_DEPLOYMENT_TARGET = 11.6;
			};
			name = Debug;
		};
		23CA144F2F18ACE2000C7B43 /* Release */ = {
			isa = XCBuildConfiguration;
			buildSettings = {
				ASSETCATALOG_COMPILER_GLOBAL_ACCENT_COLOR_NAME = AccentColor;
				ASSETCATALOG_COMPILER_WIDGET_BACKGROUND_COLOR_NAME = WidgetBackground;
				CODE_SIGN_ENTITLEMENTS = DietCokeWatchWidgetExtension.entitlements;
				CODE_SIGN_STYLE = Automatic;
				CURRENT_PROJECT_VERSION = 1;
				GENERATE_INFOPLIST_FILE = YES;
				INFOPLIST_FILE = DietCokeWatchWidget/Info.plist;
				INFOPLIST_KEY_CFBundleDisplayName = FridgeCigWatchWidget;
				INFOPLIST_KEY_NSHumanReadableCopyright = "";
				LD_RUNPATH_SEARCH_PATHS = (
					"$(inherited)",
					"@executable_path/Frameworks",
					"@executable_path/../../Frameworks",
					"@executable_path/../../../../Frameworks",
				);
				MARKETING_VERSION = 1.0;
				PRODUCT_BUNDLE_IDENTIFIER = co.brevinb.fridgecig.watchkitapp.DietCokeWatchWidget;
				PRODUCT_NAME = "$(TARGET_NAME)";
				SDKROOT = watchos;
				SKIP_INSTALL = YES;
				STRING_CATALOG_GENERATE_SYMBOLS = YES;
				SWIFT_APPROACHABLE_CONCURRENCY = YES;
				SWIFT_EMIT_LOC_STRINGS = YES;
				SWIFT_UPCOMING_FEATURE_MEMBER_IMPORT_VISIBILITY = YES;
				SWIFT_VERSION = 5.0;
				TARGETED_DEVICE_FAMILY = 4;
				WATCHOS_DEPLOYMENT_TARGET = 11.6;
			};
			name = Release;
		};
		A8000000 /* Debug */ = {
			isa = XCBuildConfiguration;
			buildSettings = {
				ALWAYS_SEARCH_USER_PATHS = NO;
				ASSETCATALOG_COMPILER_GENERATE_SWIFT_ASSET_SYMBOL_EXTENSIONS = YES;
				CLANG_ANALYZER_NONNULL = YES;
				CLANG_ANALYZER_NUMBER_OBJECT_CONVERSION = YES_AGGRESSIVE;
				CLANG_CXX_LANGUAGE_STANDARD = "gnu++20";
				CLANG_ENABLE_MODULES = YES;
				CLANG_ENABLE_OBJC_ARC = YES;
				CLANG_ENABLE_OBJC_WEAK = YES;
				CLANG_WARN_BLOCK_CAPTURE_AUTORELEASING = YES;
				CLANG_WARN_BOOL_CONVERSION = YES;
				CLANG_WARN_COMMA = YES;
				CLANG_WARN_CONSTANT_CONVERSION = YES;
				CLANG_WARN_DEPRECATED_OBJC_IMPLEMENTATIONS = YES;
				CLANG_WARN_DIRECT_OBJC_ISA_USAGE = YES_ERROR;
				CLANG_WARN_DOCUMENTATION_COMMENTS = YES;
				CLANG_WARN_EMPTY_BODY = YES;
				CLANG_WARN_ENUM_CONVERSION = YES;
				CLANG_WARN_INFINITE_RECURSION = YES;
				CLANG_WARN_INT_CONVERSION = YES;
				CLANG_WARN_NON_LITERAL_NULL_CONVERSION = YES;
				CLANG_WARN_OBJC_IMPLICIT_RETAIN_SELF = YES;
				CLANG_WARN_OBJC_LITERAL_CONVERSION = YES;
				CLANG_WARN_OBJC_ROOT_CLASS = YES_ERROR;
				CLANG_WARN_QUOTED_INCLUDE_IN_FRAMEWORK_HEADER = YES;
				CLANG_WARN_RANGE_LOOP_ANALYSIS = YES;
				CLANG_WARN_STRICT_PROTOTYPES = YES;
				CLANG_WARN_SUSPICIOUS_MOVE = YES;
				CLANG_WARN_UNGUARDED_AVAILABILITY = YES_AGGRESSIVE;
				CLANG_WARN_UNREACHABLE_CODE = YES;
				CLANG_WARN__DUPLICATE_METHOD_MATCH = YES;
				COPY_PHASE_STRIP = NO;
				DEBUG_INFORMATION_FORMAT = dwarf;
				DEVELOPMENT_TEAM = YFXZ6WNN53;
				ENABLE_STRICT_OBJC_MSGSEND = YES;
				ENABLE_TESTABILITY = YES;
				ENABLE_USER_SCRIPT_SANDBOXING = YES;
				GCC_C_LANGUAGE_STANDARD = gnu17;
				GCC_DYNAMIC_NO_PIC = NO;
				GCC_NO_COMMON_BLOCKS = YES;
				GCC_OPTIMIZATION_LEVEL = 0;
				GCC_PREPROCESSOR_DEFINITIONS = (
					"DEBUG=1",
					"$(inherited)",
				);
				GCC_WARN_64_TO_32_BIT_CONVERSION = YES;
				GCC_WARN_ABOUT_RETURN_TYPE = YES_ERROR;
				GCC_WARN_UNDECLARED_SELECTOR = YES;
				GCC_WARN_UNINITIALIZED_AUTOS = YES_AGGRESSIVE;
				GCC_WARN_UNUSED_FUNCTION = YES;
				GCC_WARN_UNUSED_VARIABLE = YES;
				IPHONEOS_DEPLOYMENT_TARGET = 17.0;
				LOCALIZATION_PREFERS_STRING_CATALOGS = YES;
				MTL_ENABLE_DEBUG_INFO = INCLUDE_SOURCE;
				MTL_FAST_MATH = YES;
				ONLY_ACTIVE_ARCH = YES;
				SDKROOT = iphoneos;
				STRING_CATALOG_GENERATE_SYMBOLS = YES;
				SWIFT_ACTIVE_COMPILATION_CONDITIONS = "DEBUG $(inherited)";
				SWIFT_OPTIMIZATION_LEVEL = "-Onone";
			};
			name = Debug;
		};
		A8000001 /* Release */ = {
			isa = XCBuildConfiguration;
			buildSettings = {
				ALWAYS_SEARCH_USER_PATHS = NO;
				ASSETCATALOG_COMPILER_GENERATE_SWIFT_ASSET_SYMBOL_EXTENSIONS = YES;
				CLANG_ANALYZER_NONNULL = YES;
				CLANG_ANALYZER_NUMBER_OBJECT_CONVERSION = YES_AGGRESSIVE;
				CLANG_CXX_LANGUAGE_STANDARD = "gnu++20";
				CLANG_ENABLE_MODULES = YES;
				CLANG_ENABLE_OBJC_ARC = YES;
				CLANG_ENABLE_OBJC_WEAK = YES;
				CLANG_WARN_BLOCK_CAPTURE_AUTORELEASING = YES;
				CLANG_WARN_BOOL_CONVERSION = YES;
				CLANG_WARN_COMMA = YES;
				CLANG_WARN_CONSTANT_CONVERSION = YES;
				CLANG_WARN_DEPRECATED_OBJC_IMPLEMENTATIONS = YES;
				CLANG_WARN_DIRECT_OBJC_ISA_USAGE = YES_ERROR;
				CLANG_WARN_DOCUMENTATION_COMMENTS = YES;
				CLANG_WARN_EMPTY_BODY = YES;
				CLANG_WARN_ENUM_CONVERSION = YES;
				CLANG_WARN_INFINITE_RECURSION = YES;
				CLANG_WARN_INT_CONVERSION = YES;
				CLANG_WARN_NON_LITERAL_NULL_CONVERSION = YES;
				CLANG_WARN_OBJC_IMPLICIT_RETAIN_SELF = YES;
				CLANG_WARN_OBJC_LITERAL_CONVERSION = YES;
				CLANG_WARN_OBJC_ROOT_CLASS = YES_ERROR;
				CLANG_WARN_QUOTED_INCLUDE_IN_FRAMEWORK_HEADER = YES;
				CLANG_WARN_RANGE_LOOP_ANALYSIS = YES;
				CLANG_WARN_STRICT_PROTOTYPES = YES;
				CLANG_WARN_SUSPICIOUS_MOVE = YES;
				CLANG_WARN_UNGUARDED_AVAILABILITY = YES_AGGRESSIVE;
				CLANG_WARN_UNREACHABLE_CODE = YES;
				CLANG_WARN__DUPLICATE_METHOD_MATCH = YES;
				COPY_PHASE_STRIP = NO;
				DEBUG_INFORMATION_FORMAT = "dwarf-with-dsym";
				DEVELOPMENT_TEAM = YFXZ6WNN53;
				ENABLE_NS_ASSERTIONS = NO;
				ENABLE_STRICT_OBJC_MSGSEND = YES;
				ENABLE_USER_SCRIPT_SANDBOXING = YES;
				GCC_C_LANGUAGE_STANDARD = gnu17;
				GCC_NO_COMMON_BLOCKS = YES;
				GCC_WARN_64_TO_32_BIT_CONVERSION = YES;
				GCC_WARN_ABOUT_RETURN_TYPE = YES_ERROR;
				GCC_WARN_UNDECLARED_SELECTOR = YES;
				GCC_WARN_UNINITIALIZED_AUTOS = YES_AGGRESSIVE;
				GCC_WARN_UNUSED_FUNCTION = YES;
				GCC_WARN_UNUSED_VARIABLE = YES;
				IPHONEOS_DEPLOYMENT_TARGET = 17.0;
				LOCALIZATION_PREFERS_STRING_CATALOGS = YES;
				MTL_ENABLE_DEBUG_INFO = NO;
				MTL_FAST_MATH = YES;
				SDKROOT = iphoneos;
				STRING_CATALOG_GENERATE_SYMBOLS = YES;
				SWIFT_COMPILATION_MODE = wholemodule;
				VALIDATE_PRODUCT = YES;
			};
			name = Release;
		};
		A8000002 /* Debug */ = {
			isa = XCBuildConfiguration;
			buildSettings = {
				ASSETCATALOG_COMPILER_APPICON_NAME = fridgecig;
				ASSETCATALOG_COMPILER_GLOBAL_ACCENT_COLOR_NAME = AccentColor;
				CODE_SIGN_ENTITLEMENTS = DietCokeTracker/DietCokeTracker.entitlements;
				CODE_SIGN_STYLE = Automatic;
				CURRENT_PROJECT_VERSION = 5;
				DEVELOPMENT_ASSET_PATHS = "\"DietCokeTracker/Preview Content\"";
				ENABLE_PREVIEWS = YES;
				GENERATE_INFOPLIST_FILE = YES;
				INFOPLIST_FILE = DietCokeTracker/Info.plist;
				INFOPLIST_KEY_CFBundleDisplayName = FridgeCig;
				INFOPLIST_KEY_LSApplicationCategoryType = "public.app-category.food-and-drink";
				INFOPLIST_KEY_NSCameraUsageDescription = "Take photos of your drinks to add to your log";
				INFOPLIST_KEY_NSContactsUsageDescription = "Find friends who use FridgeCig";
				INFOPLIST_KEY_UIApplicationSceneManifest_Generation = YES;
				INFOPLIST_KEY_UIApplicationSupportsIndirectInputEvents = YES;
				INFOPLIST_KEY_UILaunchScreen_Generation = YES;
				INFOPLIST_KEY_UISupportedInterfaceOrientations = UIInterfaceOrientationPortrait;
				INFOPLIST_KEY_UISupportedInterfaceOrientations_iPad = "UIInterfaceOrientationLandscapeLeft UIInterfaceOrientationLandscapeRight UIInterfaceOrientationPortrait UIInterfaceOrientationPortraitUpsideDown";
				LD_RUNPATH_SEARCH_PATHS = (
					"$(inherited)",
					"@executable_path/Frameworks",
				);
				MARKETING_VERSION = 0.01;
				PRODUCT_BUNDLE_IDENTIFIER = co.brevinb.fridgecig;
				PRODUCT_NAME = "$(TARGET_NAME)";
				SWIFT_EMIT_LOC_STRINGS = YES;
				SWIFT_VERSION = 5.0;
				TARGETED_DEVICE_FAMILY = "1,2";
			};
			name = Debug;
		};
		A8000003 /* Release */ = {
			isa = XCBuildConfiguration;
			buildSettings = {
				ASSETCATALOG_COMPILER_APPICON_NAME = fridgecig;
				ASSETCATALOG_COMPILER_GLOBAL_ACCENT_COLOR_NAME = AccentColor;
				CODE_SIGN_ENTITLEMENTS = DietCokeTracker/DietCokeTracker.entitlements;
				CODE_SIGN_STYLE = Automatic;
				CURRENT_PROJECT_VERSION = 5;
				DEVELOPMENT_ASSET_PATHS = "\"DietCokeTracker/Preview Content\"";
				ENABLE_PREVIEWS = YES;
				GENERATE_INFOPLIST_FILE = YES;
				INFOPLIST_FILE = DietCokeTracker/Info.plist;
				INFOPLIST_KEY_CFBundleDisplayName = FridgeCig;
				INFOPLIST_KEY_LSApplicationCategoryType = "public.app-category.food-and-drink";
				INFOPLIST_KEY_NSCameraUsageDescription = "Take photos of your drinks to add to your log";
				INFOPLIST_KEY_NSContactsUsageDescription = "Find friends who use FridgeCig";
				INFOPLIST_KEY_UIApplicationSceneManifest_Generation = YES;
				INFOPLIST_KEY_UIApplicationSupportsIndirectInputEvents = YES;
				INFOPLIST_KEY_UILaunchScreen_Generation = YES;
				INFOPLIST_KEY_UISupportedInterfaceOrientations = UIInterfaceOrientationPortrait;
				INFOPLIST_KEY_UISupportedInterfaceOrientations_iPad = "UIInterfaceOrientationLandscapeLeft UIInterfaceOrientationLandscapeRight UIInterfaceOrientationPortrait UIInterfaceOrientationPortraitUpsideDown";
				LD_RUNPATH_SEARCH_PATHS = (
					"$(inherited)",
					"@executable_path/Frameworks",
				);
				MARKETING_VERSION = 0.01;
				PRODUCT_BUNDLE_IDENTIFIER = co.brevinb.fridgecig;
				PRODUCT_NAME = "$(TARGET_NAME)";
				SWIFT_EMIT_LOC_STRINGS = YES;
				SWIFT_VERSION = 5.0;
				TARGETED_DEVICE_FAMILY = "1,2";
			};
			name = Release;
		};
/* End XCBuildConfiguration section */

/* Begin XCConfigurationList section */
		23CA140A2F189F6B000C7B43 /* Build configuration list for PBXNativeTarget "DietCokeWidgetExtension" */ = {
			isa = XCConfigurationList;
			buildConfigurations = (
				23CA140B2F189F6B000C7B43 /* Debug */,
				23CA140C2F189F6B000C7B43 /* Release */,
			);
			defaultConfigurationIsVisible = 0;
			defaultConfigurationName = Release;
		};
		23CA142B2F18A88B000C7B43 /* Build configuration list for PBXNativeTarget "DietCokeWatch Watch App" */ = {
			isa = XCConfigurationList;
			buildConfigurations = (
				23CA142C2F18A88B000C7B43 /* Debug */,
				23CA142D2F18A88B000C7B43 /* Release */,
			);
			defaultConfigurationIsVisible = 0;
			defaultConfigurationName = Release;
		};
		23CA144D2F18ACE2000C7B43 /* Build configuration list for PBXNativeTarget "DietCokeWatchWidgetExtension" */ = {
			isa = XCConfigurationList;
			buildConfigurations = (
				23CA144E2F18ACE2000C7B43 /* Debug */,
				23CA144F2F18ACE2000C7B43 /* Release */,
			);
			defaultConfigurationIsVisible = 0;
			defaultConfigurationName = Release;
		};
		A6000000 /* Build configuration list for PBXProject "DietCokeTracker" */ = {
			isa = XCConfigurationList;
			buildConfigurations = (
				A8000000 /* Debug */,
				A8000001 /* Release */,
			);
			defaultConfigurationIsVisible = 0;
			defaultConfigurationName = Release;
		};
		A6000002 /* Build configuration list for PBXNativeTarget "DietCokeTracker" */ = {
			isa = XCConfigurationList;
			buildConfigurations = (
				A8000002 /* Debug */,
				A8000003 /* Release */,
			);
			defaultConfigurationIsVisible = 0;
			defaultConfigurationName = Release;
		};
/* End XCConfigurationList section */

/* Begin XCRemoteSwiftPackageReference section */
		23CA15DA2F1A06A6000C7B43 /* XCRemoteSwiftPackageReference "purchases-ios" */ = {
			isa = XCRemoteSwiftPackageReference;
			repositoryURL = "https://github.com/RevenueCat/purchases-ios.git";
			requirement = {
				kind = upToNextMajorVersion;
				minimumVersion = 5.55.0;
			};
		};
/* End XCRemoteSwiftPackageReference section */

/* Begin XCSwiftPackageProductDependency section */
		23CA15DB2F1A06A6000C7B43 /* RevenueCat */ = {
			isa = XCSwiftPackageProductDependency;
			package = 23CA15DA2F1A06A6000C7B43 /* XCRemoteSwiftPackageReference "purchases-ios" */;
			productName = RevenueCat;
		};
/* End XCSwiftPackageProductDependency section */
	};
	rootObject = A7000000 /* Project object */;
}
